
Microsoft Visual Studio Solution File, Format Version 12.00
# Visual Studio Version 17
VisualStudioVersion = 17.10.35027.167
MinimumVisualStudioVersion = 10.0.40219.1
Project("{FAE04EC0-301F-11D3-BF4B-00C04F79EFBC}") = "user login", "user login\user login.csproj", "{99F17930-E92E-43E3-8918-C1818F2E3E7F}"
EndProject
Global
	GlobalSection(SolutionConfigurationPlatforms) = preSolution
		Debug|Any CPU = Debug|Any CPU
		Release|Any CPU = Release|Any CPU
	EndGlobalSection
	GlobalSection(ProjectConfigurationPlatforms) = postSolution
		{99F17930-E92E-43E3-8918-C1818F2E3E7F}.Debug|Any CPU.ActiveCfg = Debug|Any CPU
		{99F17930-E92E-43E3-8918-C1818F2E3E7F}.Debug|Any CPU.Build.0 = Debug|Any CPU
		{99F17930-E92E-43E3-8918-C1818F2E3E7F}.Release|Any CPU.ActiveCfg = Release|Any CPU
		{99F17930-E92E-43E3-8918-C1818F2E3E7F}.Release|Any CPU.Build.0 = Release|Any CPU
	EndGlobalSection
	GlobalSection(SolutionProperties) = preSolution
		HideSolutionNode = FALSE
	EndGlobalSection
	GlobalSection(ExtensibilityGlobals) = postSolution
		SolutionGuid = {5DEF24B7-56AC-46E6-A74A-68500DD5F7D9}
	EndGlobalSection
EndGlobal
